# This file is automatically @generated by Cargo.
# It is not intended for manual editing.
version = 3

[[package]]
name = "ink-compiler"
version = "0.1.0"

[[package]]
name = "ink-engine-runtime"
version = "0.1.0"

[[package]]
name = "inklecate"
version = "0.1.0"
dependencies = [
 "ink-compiler",
 "ink-engine-runtime",
]
